
Microsoft Visual Studio Solution File, Format Version 12.00
# Visual Studio Version 16
VisualStudioVersion = 16.0.29613.14
MinimumVisualStudioVersion = 10.0.40219.1
Project("{FAE04EC0-301F-11D3-BF4B-00C04F79EFBC}") = "Binding1.UWP", "Binding1\Binding1.UWP\Binding1.UWP.csproj", "{B64E81C6-5552-4389-B632-2FF898757716}"
EndProject
Project("{FAE04EC0-301F-11D3-BF4B-00C04F79EFBC}") = "Binding1.Android", "Binding1\Binding1.Android\Binding1.Android.csproj", "{DDC08D0C-9507-4480-BDF3-115772D3CFE8}"
EndProject
Project("{FAE04EC0-301F-11D3-BF4B-00C04F79EFBC}") = "Binding1", "Binding1\Binding1\Binding1.csproj", "{5D7F4E8B-36F8-4AB8-B5FA-C04C79A202CB}"
EndProject
Global
	GlobalSection(SolutionConfigurationPlatforms) = preSolution
		Debug|Any CPU = Debug|Any CPU
		Debug|ARM = Debug|ARM
		Debug|x64 = Debug|x64
		Debug|x86 = Debug|x86
		Release|Any CPU = Release|Any CPU
		Release|ARM = Release|ARM
		Release|x64 = Release|x64
		Release|x86 = Release|x86
	EndGlobalSection
	GlobalSection(ProjectConfigurationPlatforms) = postSolution
		{B64E81C6-5552-4389-B632-2FF898757716}.Debug|Any CPU.ActiveCfg = Debug|x86
		{B64E81C6-5552-4389-B632-2FF898757716}.Debug|Any CPU.Build.0 = Debug|x86
		{B64E81C6-5552-4389-B632-2FF898757716}.Debug|Any CPU.Deploy.0 = Debug|x86
		{B64E81C6-5552-4389-B632-2FF898757716}.Debug|ARM.ActiveCfg = Debug|ARM
		{B64E81C6-5552-4389-B632-2FF898757716}.Debug|ARM.Build.0 = Debug|ARM
		{B64E81C6-5552-4389-B632-2FF898757716}.Debug|ARM.Deploy.0 = Debug|ARM
		{B64E81C6-5552-4389-B632-2FF898757716}.Debug|x64.ActiveCfg = Debug|x64
		{B64E81C6-5552-4389-B632-2FF898757716}.Debug|x64.Build.0 = Debug|x64
		{B64E81C6-5552-4389-B632-2FF898757716}.Debug|x64.Deploy.0 = Debug|x64
		{B64E81C6-5552-4389-B632-2FF898757716}.Debug|x86.ActiveCfg = Debug|x86
		{B64E81C6-5552-4389-B632-2FF898757716}.Debug|x86.Build.0 = Debug|x86
		{B64E81C6-5552-4389-B632-2FF898757716}.Debug|x86.Deploy.0 = Debug|x86
		{B64E81C6-5552-4389-B632-2FF898757716}.Release|Any CPU.ActiveCfg = Release|x86
		{B64E81C6-5552-4389-B632-2FF898757716}.Release|Any CPU.Build.0 = Release|x86
		{B64E81C6-5552-4389-B632-2FF898757716}.Release|Any CPU.Deploy.0 = Release|x86
		{B64E81C6-5552-4389-B632-2FF898757716}.Release|ARM.ActiveCfg = Release|ARM
		{B64E81C6-5552-4389-B632-2FF898757716}.Release|ARM.Build.0 = Release|ARM
		{B64E81C6-5552-4389-B632-2FF898757716}.Release|ARM.Deploy.0 = Release|ARM
		{B64E81C6-5552-4389-B632-2FF898757716}.Release|x64.ActiveCfg = Release|x64
		{B64E81C6-5552-4389-B632-2FF898757716}.Release|x64.Build.0 = Release|x64
		{B64E81C6-5552-4389-B632-2FF898757716}.Release|x64.Deploy.0 = Release|x64
		{B64E81C6-5552-4389-B632-2FF898757716}.Release|x86.ActiveCfg = Release|x86
		{B64E81C6-5552-4389-B632-2FF898757716}.Release|x86.Build.0 = Release|x86
		{B64E81C6-5552-4389-B632-2FF898757716}.Release|x86.Deploy.0 = Release|x86
		{DDC08D0C-9507-4480-BDF3-115772D3CFE8}.Debug|Any CPU.ActiveCfg = Debug|Any CPU
		{DDC08D0C-9507-4480-BDF3-115772D3CFE8}.Debug|Any CPU.Build.0 = Debug|Any CPU
		{DDC08D0C-9507-4480-BDF3-115772D3CFE8}.Debug|Any CPU.Deploy.0 = Debug|Any CPU
		{DDC08D0C-9507-4480-BDF3-115772D3CFE8}.Debug|ARM.ActiveCfg = Debug|Any CPU
		{DDC08D0C-9507-4480-BDF3-115772D3CFE8}.Debug|ARM.Build.0 = Debug|Any CPU
		{DDC08D0C-9507-4480-BDF3-115772D3CFE8}.Debug|ARM.Deploy.0 = Debug|Any CPU
		{DDC08D0C-9507-4480-BDF3-115772D3CFE8}.Debug|x64.ActiveCfg = Debug|Any CPU
		{DDC08D0C-9507-4480-BDF3-115772D3CFE8}.Debug|x64.Build.0 = Debug|Any CPU
		{DDC08D0C-9507-4480-BDF3-115772D3CFE8}.Debug|x64.Deploy.0 = Debug|Any CPU
		{DDC08D0C-9507-4480-BDF3-115772D3CFE8}.Debug|x86.ActiveCfg = Debug|Any CPU
		{DDC08D0C-9507-4480-BDF3-115772D3CFE8}.Debug|x86.Build.0 = Debug|Any CPU
		{DDC08D0C-9507-4480-BDF3-115772D3CFE8}.Debug|x86.Deploy.0 = Debug|Any CPU
		{DDC08D0C-9507-4480-BDF3-115772D3CFE8}.Release|Any CPU.ActiveCfg = Release|Any CPU
		{DDC08D0C-9507-4480-BDF3-115772D3CFE8}.Release|Any CPU.Build.0 = Release|Any CPU
		{DDC08D0C-9507-4480-BDF3-115772D3CFE8}.Release|Any CPU.Deploy.0 = Release|Any CPU
		{DDC08D0C-9507-4480-BDF3-115772D3CFE8}.Release|ARM.ActiveCfg = Release|Any CPU
		{DDC08D0C-9507-4480-BDF3-115772D3CFE8}.Release|ARM.Build.0 = Release|Any CPU
		{DDC08D0C-9507-4480-BDF3-115772D3CFE8}.Release|ARM.Deploy.0 = Release|Any CPU
		{DDC08D0C-9507-4480-BDF3-115772D3CFE8}.Release|x64.ActiveCfg = Release|Any CPU
		{DDC08D0C-9507-4480-BDF3-115772D3CFE8}.Release|x64.Build.0 = Release|Any CPU
		{DDC08D0C-9507-4480-BDF3-115772D3CFE8}.Release|x64.Deploy.0 = Release|Any CPU
		{DDC08D0C-9507-4480-BDF3-115772D3CFE8}.Release|x86.ActiveCfg = Release|Any CPU
		{DDC08D0C-9507-4480-BDF3-115772D3CFE8}.Release|x86.Build.0 = Release|Any CPU
		{DDC08D0C-9507-4480-BDF3-115772D3CFE8}.Release|x86.Deploy.0 = Release|Any CPU
		{5D7F4E8B-36F8-4AB8-B5FA-C04C79A202CB}.Debug|Any CPU.ActiveCfg = Debug|Any CPU
		{5D7F4E8B-36F8-4AB8-B5FA-C04C79A202CB}.Debug|Any CPU.Build.0 = Debug|Any CPU
		{5D7F4E8B-36F8-4AB8-B5FA-C04C79A202CB}.Debug|Any CPU.Deploy.0 = Debug|Any CPU
		{5D7F4E8B-36F8-4AB8-B5FA-C04C79A202CB}.Debug|ARM.ActiveCfg = Debug|Any CPU
		{5D7F4E8B-36F8-4AB8-B5FA-C04C79A202CB}.Debug|ARM.Build.0 = Debug|Any CPU
		{5D7F4E8B-36F8-4AB8-B5FA-C04C79A202CB}.Debug|ARM.Deploy.0 = Debug|Any CPU
		{5D7F4E8B-36F8-4AB8-B5FA-C04C79A202CB}.Debug|x64.ActiveCfg = Debug|Any CPU
		{5D7F4E8B-36F8-4AB8-B5FA-C04C79A202CB}.Debug|x64.Build.0 = Debug|Any CPU
		{5D7F4E8B-36F8-4AB8-B5FA-C04C79A202CB}.Debug|x64.Deploy.0 = Debug|Any CPU
		{5D7F4E8B-36F8-4AB8-B5FA-C04C79A202CB}.Debug|x86.ActiveCfg = Debug|Any CPU
		{5D7F4E8B-36F8-4AB8-B5FA-C04C79A202CB}.Debug|x86.Build.0 = Debug|Any CPU
		{5D7F4E8B-36F8-4AB8-B5FA-C04C79A202CB}.Debug|x86.Deploy.0 = Debug|Any CPU
		{5D7F4E8B-36F8-4AB8-B5FA-C04C79A202CB}.Release|Any CPU.ActiveCfg = Release|Any CPU
		{5D7F4E8B-36F8-4AB8-B5FA-C04C79A202CB}.Release|Any CPU.Build.0 = Release|Any CPU
		{5D7F4E8B-36F8-4AB8-B5FA-C04C79A202CB}.Release|Any CPU.Deploy.0 = Release|Any CPU
		{5D7F4E8B-36F8-4AB8-B5FA-C04C79A202CB}.Release|ARM.ActiveCfg = Release|Any CPU
		{5D7F4E8B-36F8-4AB8-B5FA-C04C79A202CB}.Release|ARM.Build.0 = Release|Any CPU
		{5D7F4E8B-36F8-4AB8-B5FA-C04C79A202CB}.Release|ARM.Deploy.0 = Release|Any CPU
		{5D7F4E8B-36F8-4AB8-B5FA-C04C79A202CB}.Release|x64.ActiveCfg = Release|Any CPU
		{5D7F4E8B-36F8-4AB8-B5FA-C04C79A202CB}.Release|x64.Build.0 = Release|Any CPU
		{5D7F4E8B-36F8-4AB8-B5FA-C04C79A202CB}.Release|x64.Deploy.0 = Release|Any CPU
		{5D7F4E8B-36F8-4AB8-B5FA-C04C79A202CB}.Release|x86.ActiveCfg = Release|Any CPU
		{5D7F4E8B-36F8-4AB8-B5FA-C04C79A202CB}.Release|x86.Build.0 = Release|Any CPU
		{5D7F4E8B-36F8-4AB8-B5FA-C04C79A202CB}.Release|x86.Deploy.0 = Release|Any CPU
	EndGlobalSection
	GlobalSection(SolutionProperties) = preSolution
		HideSolutionNode = FALSE
	EndGlobalSection
	GlobalSection(ExtensibilityGlobals) = postSolution
		SolutionGuid = {74652EDF-69F8-44CF-BC5D-26596918640F}
	EndGlobalSection
EndGlobal
