
Microsoft Visual Studio Solution File, Format Version 12.00
# Visual Studio 15
VisualStudioVersion = 15.0.28307.271
MinimumVisualStudioVersion = 10.0.40219.1
Project("{FAE04EC0-301F-11D3-BF4B-00C04F79EFBC}") = "YDB.Android", "YDB\YDB.Android\YDB.Android.csproj", "{24CE3C36-16B9-426D-AA0C-5961ECF8D88C}"
EndProject
Project("{FAE04EC0-301F-11D3-BF4B-00C04F79EFBC}") = "YDB.iOS", "YDB\YDB.iOS\YDB.iOS.csproj", "{04B8A739-8F01-48D8-B86E-B8CD201A2E36}"
EndProject
Project("{FAE04EC0-301F-11D3-BF4B-00C04F79EFBC}") = "YDB.UWP", "YDB\YDB.UWP\YDB.UWP.csproj", "{AA2782CE-F106-4FFF-B5B0-A51131A5F24F}"
EndProject
Project("{9A19103F-16F7-4668-BE54-9A1E7A4F7556}") = "YDB", "YDB\YDB\YDB.csproj", "{14380326-0DEF-4D92-AC05-3BB560FD70DE}"
EndProject
Global
	GlobalSection(SolutionConfigurationPlatforms) = preSolution
		Debug|Any CPU = Debug|Any CPU
		Debug|ARM = Debug|ARM
		Debug|iPhone = Debug|iPhone
		Debug|iPhoneSimulator = Debug|iPhoneSimulator
		Debug|x64 = Debug|x64
		Debug|x86 = Debug|x86
		Release|Any CPU = Release|Any CPU
		Release|ARM = Release|ARM
		Release|iPhone = Release|iPhone
		Release|iPhoneSimulator = Release|iPhoneSimulator
		Release|x64 = Release|x64
		Release|x86 = Release|x86
	EndGlobalSection
	GlobalSection(ProjectConfigurationPlatforms) = postSolution
		{24CE3C36-16B9-426D-AA0C-5961ECF8D88C}.Debug|Any CPU.ActiveCfg = Debug|Any CPU
		{24CE3C36-16B9-426D-AA0C-5961ECF8D88C}.Debug|Any CPU.Build.0 = Debug|Any CPU
		{24CE3C36-16B9-426D-AA0C-5961ECF8D88C}.Debug|Any CPU.Deploy.0 = Debug|Any CPU
		{24CE3C36-16B9-426D-AA0C-5961ECF8D88C}.Debug|ARM.ActiveCfg = Debug|Any CPU
		{24CE3C36-16B9-426D-AA0C-5961ECF8D88C}.Debug|ARM.Build.0 = Debug|Any CPU
		{24CE3C36-16B9-426D-AA0C-5961ECF8D88C}.Debug|ARM.Deploy.0 = Debug|Any CPU
		{24CE3C36-16B9-426D-AA0C-5961ECF8D88C}.Debug|iPhone.ActiveCfg = Debug|Any CPU
		{24CE3C36-16B9-426D-AA0C-5961ECF8D88C}.Debug|iPhone.Build.0 = Debug|Any CPU
		{24CE3C36-16B9-426D-AA0C-5961ECF8D88C}.Debug|iPhone.Deploy.0 = Debug|Any CPU
		{24CE3C36-16B9-426D-AA0C-5961ECF8D88C}.Debug|iPhoneSimulator.ActiveCfg = Debug|Any CPU
		{24CE3C36-16B9-426D-AA0C-5961ECF8D88C}.Debug|iPhoneSimulator.Build.0 = Debug|Any CPU
		{24CE3C36-16B9-426D-AA0C-5961ECF8D88C}.Debug|iPhoneSimulator.Deploy.0 = Debug|Any CPU
		{24CE3C36-16B9-426D-AA0C-5961ECF8D88C}.Debug|x64.ActiveCfg = Debug|Any CPU
		{24CE3C36-16B9-426D-AA0C-5961ECF8D88C}.Debug|x64.Build.0 = Debug|Any CPU
		{24CE3C36-16B9-426D-AA0C-5961ECF8D88C}.Debug|x64.Deploy.0 = Debug|Any CPU
		{24CE3C36-16B9-426D-AA0C-5961ECF8D88C}.Debug|x86.ActiveCfg = Debug|Any CPU
		{24CE3C36-16B9-426D-AA0C-5961ECF8D88C}.Debug|x86.Build.0 = Debug|Any CPU
		{24CE3C36-16B9-426D-AA0C-5961ECF8D88C}.Debug|x86.Deploy.0 = Debug|Any CPU
		{24CE3C36-16B9-426D-AA0C-5961ECF8D88C}.Release|Any CPU.ActiveCfg = Release|Any CPU
		{24CE3C36-16B9-426D-AA0C-5961ECF8D88C}.Release|Any CPU.Build.0 = Release|Any CPU
		{24CE3C36-16B9-426D-AA0C-5961ECF8D88C}.Release|Any CPU.Deploy.0 = Release|Any CPU
		{24CE3C36-16B9-426D-AA0C-5961ECF8D88C}.Release|ARM.ActiveCfg = Release|Any CPU
		{24CE3C36-16B9-426D-AA0C-5961ECF8D88C}.Release|ARM.Build.0 = Release|Any CPU
		{24CE3C36-16B9-426D-AA0C-5961ECF8D88C}.Release|ARM.Deploy.0 = Release|Any CPU
		{24CE3C36-16B9-426D-AA0C-5961ECF8D88C}.Release|iPhone.ActiveCfg = Release|Any CPU
		{24CE3C36-16B9-426D-AA0C-5961ECF8D88C}.Release|iPhone.Build.0 = Release|Any CPU
		{24CE3C36-16B9-426D-AA0C-5961ECF8D88C}.Release|iPhone.Deploy.0 = Release|Any CPU
		{24CE3C36-16B9-426D-AA0C-5961ECF8D88C}.Release|iPhoneSimulator.ActiveCfg = Release|Any CPU
		{24CE3C36-16B9-426D-AA0C-5961ECF8D88C}.Release|iPhoneSimulator.Build.0 = Release|Any CPU
		{24CE3C36-16B9-426D-AA0C-5961ECF8D88C}.Release|iPhoneSimulator.Deploy.0 = Release|Any CPU
		{24CE3C36-16B9-426D-AA0C-5961ECF8D88C}.Release|x64.ActiveCfg = Release|Any CPU
		{24CE3C36-16B9-426D-AA0C-5961ECF8D88C}.Release|x64.Build.0 = Release|Any CPU
		{24CE3C36-16B9-426D-AA0C-5961ECF8D88C}.Release|x64.Deploy.0 = Release|Any CPU
		{24CE3C36-16B9-426D-AA0C-5961ECF8D88C}.Release|x86.ActiveCfg = Release|Any CPU
		{24CE3C36-16B9-426D-AA0C-5961ECF8D88C}.Release|x86.Build.0 = Release|Any CPU
		{24CE3C36-16B9-426D-AA0C-5961ECF8D88C}.Release|x86.Deploy.0 = Release|Any CPU
		{04B8A739-8F01-48D8-B86E-B8CD201A2E36}.Debug|Any CPU.ActiveCfg = Debug|iPhoneSimulator
		{04B8A739-8F01-48D8-B86E-B8CD201A2E36}.Debug|Any CPU.Build.0 = Debug|iPhoneSimulator
		{04B8A739-8F01-48D8-B86E-B8CD201A2E36}.Debug|Any CPU.Deploy.0 = Debug|iPhoneSimulator
		{04B8A739-8F01-48D8-B86E-B8CD201A2E36}.Debug|ARM.ActiveCfg = Debug|iPhone
		{04B8A739-8F01-48D8-B86E-B8CD201A2E36}.Debug|ARM.Build.0 = Debug|iPhone
		{04B8A739-8F01-48D8-B86E-B8CD201A2E36}.Debug|ARM.Deploy.0 = Debug|iPhone
		{04B8A739-8F01-48D8-B86E-B8CD201A2E36}.Debug|iPhone.ActiveCfg = Debug|iPhone
		{04B8A739-8F01-48D8-B86E-B8CD201A2E36}.Debug|iPhone.Build.0 = Debug|iPhone
		{04B8A739-8F01-48D8-B86E-B8CD201A2E36}.Debug|iPhone.Deploy.0 = Debug|iPhone
		{04B8A739-8F01-48D8-B86E-B8CD201A2E36}.Debug|iPhoneSimulator.ActiveCfg = Debug|iPhoneSimulator
		{04B8A739-8F01-48D8-B86E-B8CD201A2E36}.Debug|iPhoneSimulator.Build.0 = Debug|iPhoneSimulator
		{04B8A739-8F01-48D8-B86E-B8CD201A2E36}.Debug|iPhoneSimulator.Deploy.0 = Debug|iPhoneSimulator
		{04B8A739-8F01-48D8-B86E-B8CD201A2E36}.Debug|x64.ActiveCfg = Debug|iPhone
		{04B8A739-8F01-48D8-B86E-B8CD201A2E36}.Debug|x64.Build.0 = Debug|iPhone
		{04B8A739-8F01-48D8-B86E-B8CD201A2E36}.Debug|x64.Deploy.0 = Debug|iPhone
		{04B8A739-8F01-48D8-B86E-B8CD201A2E36}.Debug|x86.ActiveCfg = Debug|iPhone
		{04B8A739-8F01-48D8-B86E-B8CD201A2E36}.Debug|x86.Build.0 = Debug|iPhone
		{04B8A739-8F01-48D8-B86E-B8CD201A2E36}.Debug|x86.Deploy.0 = Debug|iPhone
		{04B8A739-8F01-48D8-B86E-B8CD201A2E36}.Release|Any CPU.ActiveCfg = Release|iPhone
		{04B8A739-8F01-48D8-B86E-B8CD201A2E36}.Release|Any CPU.Build.0 = Release|iPhone
		{04B8A739-8F01-48D8-B86E-B8CD201A2E36}.Release|Any CPU.Deploy.0 = Release|iPhone
		{04B8A739-8F01-48D8-B86E-B8CD201A2E36}.Release|ARM.ActiveCfg = Release|iPhone
		{04B8A739-8F01-48D8-B86E-B8CD201A2E36}.Release|ARM.Build.0 = Release|iPhone
		{04B8A739-8F01-48D8-B86E-B8CD201A2E36}.Release|ARM.Deploy.0 = Release|iPhone
		{04B8A739-8F01-48D8-B86E-B8CD201A2E36}.Release|iPhone.ActiveCfg = Release|iPhone
		{04B8A739-8F01-48D8-B86E-B8CD201A2E36}.Release|iPhone.Build.0 = Release|iPhone
		{04B8A739-8F01-48D8-B86E-B8CD201A2E36}.Release|iPhone.Deploy.0 = Release|iPhone
		{04B8A739-8F01-48D8-B86E-B8CD201A2E36}.Release|iPhoneSimulator.ActiveCfg = Release|iPhoneSimulator
		{04B8A739-8F01-48D8-B86E-B8CD201A2E36}.Release|iPhoneSimulator.Build.0 = Release|iPhoneSimulator
		{04B8A739-8F01-48D8-B86E-B8CD201A2E36}.Release|iPhoneSimulator.Deploy.0 = Release|iPhoneSimulator
		{04B8A739-8F01-48D8-B86E-B8CD201A2E36}.Release|x64.ActiveCfg = Release|iPhone
		{04B8A739-8F01-48D8-B86E-B8CD201A2E36}.Release|x64.Build.0 = Release|iPhone
		{04B8A739-8F01-48D8-B86E-B8CD201A2E36}.Release|x64.Deploy.0 = Release|iPhone
		{04B8A739-8F01-48D8-B86E-B8CD201A2E36}.Release|x86.ActiveCfg = Release|iPhone
		{04B8A739-8F01-48D8-B86E-B8CD201A2E36}.Release|x86.Build.0 = Release|iPhone
		{04B8A739-8F01-48D8-B86E-B8CD201A2E36}.Release|x86.Deploy.0 = Release|iPhone
		{AA2782CE-F106-4FFF-B5B0-A51131A5F24F}.Debug|Any CPU.ActiveCfg = Debug|x86
		{AA2782CE-F106-4FFF-B5B0-A51131A5F24F}.Debug|Any CPU.Build.0 = Debug|x86
		{AA2782CE-F106-4FFF-B5B0-A51131A5F24F}.Debug|Any CPU.Deploy.0 = Debug|x86
		{AA2782CE-F106-4FFF-B5B0-A51131A5F24F}.Debug|ARM.ActiveCfg = Debug|ARM
		{AA2782CE-F106-4FFF-B5B0-A51131A5F24F}.Debug|ARM.Build.0 = Debug|ARM
		{AA2782CE-F106-4FFF-B5B0-A51131A5F24F}.Debug|ARM.Deploy.0 = Debug|ARM
		{AA2782CE-F106-4FFF-B5B0-A51131A5F24F}.Debug|iPhone.ActiveCfg = Debug|x86
		{AA2782CE-F106-4FFF-B5B0-A51131A5F24F}.Debug|iPhone.Build.0 = Debug|x86
		{AA2782CE-F106-4FFF-B5B0-A51131A5F24F}.Debug|iPhone.Deploy.0 = Debug|x86
		{AA2782CE-F106-4FFF-B5B0-A51131A5F24F}.Debug|iPhoneSimulator.ActiveCfg = Debug|x86
		{AA2782CE-F106-4FFF-B5B0-A51131A5F24F}.Debug|iPhoneSimulator.Build.0 = Debug|x86
		{AA2782CE-F106-4FFF-B5B0-A51131A5F24F}.Debug|iPhoneSimulator.Deploy.0 = Debug|x86
		{AA2782CE-F106-4FFF-B5B0-A51131A5F24F}.Debug|x64.ActiveCfg = Debug|x64
		{AA2782CE-F106-4FFF-B5B0-A51131A5F24F}.Debug|x64.Build.0 = Debug|x64
		{AA2782CE-F106-4FFF-B5B0-A51131A5F24F}.Debug|x64.Deploy.0 = Debug|x64
		{AA2782CE-F106-4FFF-B5B0-A51131A5F24F}.Debug|x86.ActiveCfg = Debug|x86
		{AA2782CE-F106-4FFF-B5B0-A51131A5F24F}.Debug|x86.Build.0 = Debug|x86
		{AA2782CE-F106-4FFF-B5B0-A51131A5F24F}.Debug|x86.Deploy.0 = Debug|x86
		{AA2782CE-F106-4FFF-B5B0-A51131A5F24F}.Release|Any CPU.ActiveCfg = Release|x86
		{AA2782CE-F106-4FFF-B5B0-A51131A5F24F}.Release|Any CPU.Build.0 = Release|x86
		{AA2782CE-F106-4FFF-B5B0-A51131A5F24F}.Release|Any CPU.Deploy.0 = Release|x86
		{AA2782CE-F106-4FFF-B5B0-A51131A5F24F}.Release|ARM.ActiveCfg = Release|ARM
		{AA2782CE-F106-4FFF-B5B0-A51131A5F24F}.Release|ARM.Build.0 = Release|ARM
		{AA2782CE-F106-4FFF-B5B0-A51131A5F24F}.Release|ARM.Deploy.0 = Release|ARM
		{AA2782CE-F106-4FFF-B5B0-A51131A5F24F}.Release|iPhone.ActiveCfg = Release|x86
		{AA2782CE-F106-4FFF-B5B0-A51131A5F24F}.Release|iPhone.Build.0 = Release|x86
		{AA2782CE-F106-4FFF-B5B0-A51131A5F24F}.Release|iPhone.Deploy.0 = Release|x86
		{AA2782CE-F106-4FFF-B5B0-A51131A5F24F}.Release|iPhoneSimulator.ActiveCfg = Release|x86
		{AA2782CE-F106-4FFF-B5B0-A51131A5F24F}.Release|iPhoneSimulator.Build.0 = Release|x86
		{AA2782CE-F106-4FFF-B5B0-A51131A5F24F}.Release|iPhoneSimulator.Deploy.0 = Release|x86
		{AA2782CE-F106-4FFF-B5B0-A51131A5F24F}.Release|x64.ActiveCfg = Release|x64
		{AA2782CE-F106-4FFF-B5B0-A51131A5F24F}.Release|x64.Build.0 = Release|x64
		{AA2782CE-F106-4FFF-B5B0-A51131A5F24F}.Release|x64.Deploy.0 = Release|x64
		{AA2782CE-F106-4FFF-B5B0-A51131A5F24F}.Release|x86.ActiveCfg = Release|x86
		{AA2782CE-F106-4FFF-B5B0-A51131A5F24F}.Release|x86.Build.0 = Release|x86
		{AA2782CE-F106-4FFF-B5B0-A51131A5F24F}.Release|x86.Deploy.0 = Release|x86
		{14380326-0DEF-4D92-AC05-3BB560FD70DE}.Debug|Any CPU.ActiveCfg = Debug|Any CPU
		{14380326-0DEF-4D92-AC05-3BB560FD70DE}.Debug|Any CPU.Build.0 = Debug|Any CPU
		{14380326-0DEF-4D92-AC05-3BB560FD70DE}.Debug|Any CPU.Deploy.0 = Debug|Any CPU
		{14380326-0DEF-4D92-AC05-3BB560FD70DE}.Debug|ARM.ActiveCfg = Debug|Any CPU
		{14380326-0DEF-4D92-AC05-3BB560FD70DE}.Debug|ARM.Build.0 = Debug|Any CPU
		{14380326-0DEF-4D92-AC05-3BB560FD70DE}.Debug|ARM.Deploy.0 = Debug|Any CPU
		{14380326-0DEF-4D92-AC05-3BB560FD70DE}.Debug|iPhone.ActiveCfg = Debug|Any CPU
		{14380326-0DEF-4D92-AC05-3BB560FD70DE}.Debug|iPhone.Build.0 = Debug|Any CPU
		{14380326-0DEF-4D92-AC05-3BB560FD70DE}.Debug|iPhone.Deploy.0 = Debug|Any CPU
		{14380326-0DEF-4D92-AC05-3BB560FD70DE}.Debug|iPhoneSimulator.ActiveCfg = Debug|Any CPU
		{14380326-0DEF-4D92-AC05-3BB560FD70DE}.Debug|iPhoneSimulator.Build.0 = Debug|Any CPU
		{14380326-0DEF-4D92-AC05-3BB560FD70DE}.Debug|iPhoneSimulator.Deploy.0 = Debug|Any CPU
		{14380326-0DEF-4D92-AC05-3BB560FD70DE}.Debug|x64.ActiveCfg = Debug|Any CPU
		{14380326-0DEF-4D92-AC05-3BB560FD70DE}.Debug|x64.Build.0 = Debug|Any CPU
		{14380326-0DEF-4D92-AC05-3BB560FD70DE}.Debug|x64.Deploy.0 = Debug|Any CPU
		{14380326-0DEF-4D92-AC05-3BB560FD70DE}.Debug|x86.ActiveCfg = Debug|Any CPU
		{14380326-0DEF-4D92-AC05-3BB560FD70DE}.Debug|x86.Build.0 = Debug|Any CPU
		{14380326-0DEF-4D92-AC05-3BB560FD70DE}.Debug|x86.Deploy.0 = Debug|Any CPU
		{14380326-0DEF-4D92-AC05-3BB560FD70DE}.Release|Any CPU.ActiveCfg = Release|Any CPU
		{14380326-0DEF-4D92-AC05-3BB560FD70DE}.Release|Any CPU.Build.0 = Release|Any CPU
		{14380326-0DEF-4D92-AC05-3BB560FD70DE}.Release|Any CPU.Deploy.0 = Release|Any CPU
		{14380326-0DEF-4D92-AC05-3BB560FD70DE}.Release|ARM.ActiveCfg = Release|Any CPU
		{14380326-0DEF-4D92-AC05-3BB560FD70DE}.Release|ARM.Build.0 = Release|Any CPU
		{14380326-0DEF-4D92-AC05-3BB560FD70DE}.Release|ARM.Deploy.0 = Release|Any CPU
		{14380326-0DEF-4D92-AC05-3BB560FD70DE}.Release|iPhone.ActiveCfg = Release|Any CPU
		{14380326-0DEF-4D92-AC05-3BB560FD70DE}.Release|iPhone.Build.0 = Release|Any CPU
		{14380326-0DEF-4D92-AC05-3BB560FD70DE}.Release|iPhone.Deploy.0 = Release|Any CPU
		{14380326-0DEF-4D92-AC05-3BB560FD70DE}.Release|iPhoneSimulator.ActiveCfg = Release|Any CPU
		{14380326-0DEF-4D92-AC05-3BB560FD70DE}.Release|iPhoneSimulator.Build.0 = Release|Any CPU
		{14380326-0DEF-4D92-AC05-3BB560FD70DE}.Release|iPhoneSimulator.Deploy.0 = Release|Any CPU
		{14380326-0DEF-4D92-AC05-3BB560FD70DE}.Release|x64.ActiveCfg = Release|Any CPU
		{14380326-0DEF-4D92-AC05-3BB560FD70DE}.Release|x64.Build.0 = Release|Any CPU
		{14380326-0DEF-4D92-AC05-3BB560FD70DE}.Release|x64.Deploy.0 = Release|Any CPU
		{14380326-0DEF-4D92-AC05-3BB560FD70DE}.Release|x86.ActiveCfg = Release|Any CPU
		{14380326-0DEF-4D92-AC05-3BB560FD70DE}.Release|x86.Build.0 = Release|Any CPU
		{14380326-0DEF-4D92-AC05-3BB560FD70DE}.Release|x86.Deploy.0 = Release|Any CPU
	EndGlobalSection
	GlobalSection(SolutionProperties) = preSolution
		HideSolutionNode = FALSE
	EndGlobalSection
	GlobalSection(ExtensibilityGlobals) = postSolution
		SolutionGuid = {77EB4C9F-D1D7-4896-B2F7-F4540137A051}
	EndGlobalSection
EndGlobal
