
Microsoft Visual Studio Solution File, Format Version 12.00
# Visual Studio Version 16
VisualStudioVersion = 16.0.29926.136
MinimumVisualStudioVersion = 10.0.40219.1
Project("{9A19103F-16F7-4668-BE54-9A1E7A4F7556}") = "001_People3Course", "001_People3Course\001_People3Course.csproj", "{DB952341-893A-4775-BD56-4F53559103B3}"
EndProject
Project("{9A19103F-16F7-4668-BE54-9A1E7A4F7556}") = "Work8_LINQ", "Work8_LINQ\Work8_LINQ.csproj", "{8D96AD9F-714F-4982-990A-D855F5009C54}"
EndProject
Project("{9A19103F-16F7-4668-BE54-9A1E7A4F7556}") = "002_Average_Rating_4", "002_Average_Rating_4\002_Average_Rating_4.csproj", "{879904EA-C493-44D6-ADB2-56493852CB82}"
EndProject
Project("{9A19103F-16F7-4668-BE54-9A1E7A4F7556}") = "003_Group", "003_Group\003_Group.csproj", "{99C6A257-ADE9-4CEE-A6C4-06AC0C218E81}"
EndProject
Project("{9A19103F-16F7-4668-BE54-9A1E7A4F7556}") = "004_ПРИКОЛ", "004_ПРИКОЛ\004_ПРИКОЛ.csproj", "{45BC5B55-2D10-4AB1-8C62-5145C6D06513}"
EndProject
Project("{9A19103F-16F7-4668-BE54-9A1E7A4F7556}") = "005_StudentVsTeacher", "005_StudentVsTeacher\005_StudentVsTeacher.csproj", "{A08DE4C9-BE36-4006-BB02-A27B421EB16E}"
EndProject
Project("{9A19103F-16F7-4668-BE54-9A1E7A4F7556}") = "006_Groups_4_Course", "006_Groups_4_Course\006_Groups_4_Course.csproj", "{A51C6B26-16D6-41B8-B909-CD71D27D3ACA}"
EndProject
Project("{9A19103F-16F7-4668-BE54-9A1E7A4F7556}") = "007_Bad_People", "007_Bad_People\007_Bad_People.csproj", "{F64F7E52-9450-4F43-8F49-1EF4D6F4F590}"
EndProject
Global
	GlobalSection(SolutionConfigurationPlatforms) = preSolution
		Debug|Any CPU = Debug|Any CPU
		Debug|ARM = Debug|ARM
		Debug|ARM64 = Debug|ARM64
		Debug|x64 = Debug|x64
		Debug|x86 = Debug|x86
		Release|Any CPU = Release|Any CPU
		Release|ARM = Release|ARM
		Release|ARM64 = Release|ARM64
		Release|x64 = Release|x64
		Release|x86 = Release|x86
	EndGlobalSection
	GlobalSection(ProjectConfigurationPlatforms) = postSolution
		{DB952341-893A-4775-BD56-4F53559103B3}.Debug|Any CPU.ActiveCfg = Debug|Any CPU
		{DB952341-893A-4775-BD56-4F53559103B3}.Debug|Any CPU.Build.0 = Debug|Any CPU
		{DB952341-893A-4775-BD56-4F53559103B3}.Debug|ARM.ActiveCfg = Debug|Any CPU
		{DB952341-893A-4775-BD56-4F53559103B3}.Debug|ARM.Build.0 = Debug|Any CPU
		{DB952341-893A-4775-BD56-4F53559103B3}.Debug|ARM64.ActiveCfg = Debug|Any CPU
		{DB952341-893A-4775-BD56-4F53559103B3}.Debug|ARM64.Build.0 = Debug|Any CPU
		{DB952341-893A-4775-BD56-4F53559103B3}.Debug|x64.ActiveCfg = Debug|Any CPU
		{DB952341-893A-4775-BD56-4F53559103B3}.Debug|x64.Build.0 = Debug|Any CPU
		{DB952341-893A-4775-BD56-4F53559103B3}.Debug|x86.ActiveCfg = Debug|Any CPU
		{DB952341-893A-4775-BD56-4F53559103B3}.Debug|x86.Build.0 = Debug|Any CPU
		{DB952341-893A-4775-BD56-4F53559103B3}.Release|Any CPU.ActiveCfg = Release|Any CPU
		{DB952341-893A-4775-BD56-4F53559103B3}.Release|Any CPU.Build.0 = Release|Any CPU
		{DB952341-893A-4775-BD56-4F53559103B3}.Release|ARM.ActiveCfg = Release|Any CPU
		{DB952341-893A-4775-BD56-4F53559103B3}.Release|ARM.Build.0 = Release|Any CPU
		{DB952341-893A-4775-BD56-4F53559103B3}.Release|ARM64.ActiveCfg = Release|Any CPU
		{DB952341-893A-4775-BD56-4F53559103B3}.Release|ARM64.Build.0 = Release|Any CPU
		{DB952341-893A-4775-BD56-4F53559103B3}.Release|x64.ActiveCfg = Release|Any CPU
		{DB952341-893A-4775-BD56-4F53559103B3}.Release|x64.Build.0 = Release|Any CPU
		{DB952341-893A-4775-BD56-4F53559103B3}.Release|x86.ActiveCfg = Release|Any CPU
		{DB952341-893A-4775-BD56-4F53559103B3}.Release|x86.Build.0 = Release|Any CPU
		{8D96AD9F-714F-4982-990A-D855F5009C54}.Debug|Any CPU.ActiveCfg = Debug|Any CPU
		{8D96AD9F-714F-4982-990A-D855F5009C54}.Debug|Any CPU.Build.0 = Debug|Any CPU
		{8D96AD9F-714F-4982-990A-D855F5009C54}.Debug|ARM.ActiveCfg = Debug|Any CPU
		{8D96AD9F-714F-4982-990A-D855F5009C54}.Debug|ARM.Build.0 = Debug|Any CPU
		{8D96AD9F-714F-4982-990A-D855F5009C54}.Debug|ARM64.ActiveCfg = Debug|Any CPU
		{8D96AD9F-714F-4982-990A-D855F5009C54}.Debug|ARM64.Build.0 = Debug|Any CPU
		{8D96AD9F-714F-4982-990A-D855F5009C54}.Debug|x64.ActiveCfg = Debug|Any CPU
		{8D96AD9F-714F-4982-990A-D855F5009C54}.Debug|x64.Build.0 = Debug|Any CPU
		{8D96AD9F-714F-4982-990A-D855F5009C54}.Debug|x86.ActiveCfg = Debug|Any CPU
		{8D96AD9F-714F-4982-990A-D855F5009C54}.Debug|x86.Build.0 = Debug|Any CPU
		{8D96AD9F-714F-4982-990A-D855F5009C54}.Release|Any CPU.ActiveCfg = Release|Any CPU
		{8D96AD9F-714F-4982-990A-D855F5009C54}.Release|Any CPU.Build.0 = Release|Any CPU
		{8D96AD9F-714F-4982-990A-D855F5009C54}.Release|ARM.ActiveCfg = Release|Any CPU
		{8D96AD9F-714F-4982-990A-D855F5009C54}.Release|ARM.Build.0 = Release|Any CPU
		{8D96AD9F-714F-4982-990A-D855F5009C54}.Release|ARM64.ActiveCfg = Release|Any CPU
		{8D96AD9F-714F-4982-990A-D855F5009C54}.Release|ARM64.Build.0 = Release|Any CPU
		{8D96AD9F-714F-4982-990A-D855F5009C54}.Release|x64.ActiveCfg = Release|Any CPU
		{8D96AD9F-714F-4982-990A-D855F5009C54}.Release|x64.Build.0 = Release|Any CPU
		{8D96AD9F-714F-4982-990A-D855F5009C54}.Release|x86.ActiveCfg = Release|Any CPU
		{8D96AD9F-714F-4982-990A-D855F5009C54}.Release|x86.Build.0 = Release|Any CPU
		{879904EA-C493-44D6-ADB2-56493852CB82}.Debug|Any CPU.ActiveCfg = Debug|Any CPU
		{879904EA-C493-44D6-ADB2-56493852CB82}.Debug|Any CPU.Build.0 = Debug|Any CPU
		{879904EA-C493-44D6-ADB2-56493852CB82}.Debug|ARM.ActiveCfg = Debug|Any CPU
		{879904EA-C493-44D6-ADB2-56493852CB82}.Debug|ARM.Build.0 = Debug|Any CPU
		{879904EA-C493-44D6-ADB2-56493852CB82}.Debug|ARM64.ActiveCfg = Debug|Any CPU
		{879904EA-C493-44D6-ADB2-56493852CB82}.Debug|ARM64.Build.0 = Debug|Any CPU
		{879904EA-C493-44D6-ADB2-56493852CB82}.Debug|x64.ActiveCfg = Debug|Any CPU
		{879904EA-C493-44D6-ADB2-56493852CB82}.Debug|x64.Build.0 = Debug|Any CPU
		{879904EA-C493-44D6-ADB2-56493852CB82}.Debug|x86.ActiveCfg = Debug|Any CPU
		{879904EA-C493-44D6-ADB2-56493852CB82}.Debug|x86.Build.0 = Debug|Any CPU
		{879904EA-C493-44D6-ADB2-56493852CB82}.Release|Any CPU.ActiveCfg = Release|Any CPU
		{879904EA-C493-44D6-ADB2-56493852CB82}.Release|Any CPU.Build.0 = Release|Any CPU
		{879904EA-C493-44D6-ADB2-56493852CB82}.Release|ARM.ActiveCfg = Release|Any CPU
		{879904EA-C493-44D6-ADB2-56493852CB82}.Release|ARM.Build.0 = Release|Any CPU
		{879904EA-C493-44D6-ADB2-56493852CB82}.Release|ARM64.ActiveCfg = Release|Any CPU
		{879904EA-C493-44D6-ADB2-56493852CB82}.Release|ARM64.Build.0 = Release|Any CPU
		{879904EA-C493-44D6-ADB2-56493852CB82}.Release|x64.ActiveCfg = Release|Any CPU
		{879904EA-C493-44D6-ADB2-56493852CB82}.Release|x64.Build.0 = Release|Any CPU
		{879904EA-C493-44D6-ADB2-56493852CB82}.Release|x86.ActiveCfg = Release|Any CPU
		{879904EA-C493-44D6-ADB2-56493852CB82}.Release|x86.Build.0 = Release|Any CPU
		{99C6A257-ADE9-4CEE-A6C4-06AC0C218E81}.Debug|Any CPU.ActiveCfg = Debug|Any CPU
		{99C6A257-ADE9-4CEE-A6C4-06AC0C218E81}.Debug|Any CPU.Build.0 = Debug|Any CPU
		{99C6A257-ADE9-4CEE-A6C4-06AC0C218E81}.Debug|ARM.ActiveCfg = Debug|Any CPU
		{99C6A257-ADE9-4CEE-A6C4-06AC0C218E81}.Debug|ARM.Build.0 = Debug|Any CPU
		{99C6A257-ADE9-4CEE-A6C4-06AC0C218E81}.Debug|ARM64.ActiveCfg = Debug|Any CPU
		{99C6A257-ADE9-4CEE-A6C4-06AC0C218E81}.Debug|ARM64.Build.0 = Debug|Any CPU
		{99C6A257-ADE9-4CEE-A6C4-06AC0C218E81}.Debug|x64.ActiveCfg = Debug|Any CPU
		{99C6A257-ADE9-4CEE-A6C4-06AC0C218E81}.Debug|x64.Build.0 = Debug|Any CPU
		{99C6A257-ADE9-4CEE-A6C4-06AC0C218E81}.Debug|x86.ActiveCfg = Debug|Any CPU
		{99C6A257-ADE9-4CEE-A6C4-06AC0C218E81}.Debug|x86.Build.0 = Debug|Any CPU
		{99C6A257-ADE9-4CEE-A6C4-06AC0C218E81}.Release|Any CPU.ActiveCfg = Release|Any CPU
		{99C6A257-ADE9-4CEE-A6C4-06AC0C218E81}.Release|Any CPU.Build.0 = Release|Any CPU
		{99C6A257-ADE9-4CEE-A6C4-06AC0C218E81}.Release|ARM.ActiveCfg = Release|Any CPU
		{99C6A257-ADE9-4CEE-A6C4-06AC0C218E81}.Release|ARM.Build.0 = Release|Any CPU
		{99C6A257-ADE9-4CEE-A6C4-06AC0C218E81}.Release|ARM64.ActiveCfg = Release|Any CPU
		{99C6A257-ADE9-4CEE-A6C4-06AC0C218E81}.Release|ARM64.Build.0 = Release|Any CPU
		{99C6A257-ADE9-4CEE-A6C4-06AC0C218E81}.Release|x64.ActiveCfg = Release|Any CPU
		{99C6A257-ADE9-4CEE-A6C4-06AC0C218E81}.Release|x64.Build.0 = Release|Any CPU
		{99C6A257-ADE9-4CEE-A6C4-06AC0C218E81}.Release|x86.ActiveCfg = Release|Any CPU
		{99C6A257-ADE9-4CEE-A6C4-06AC0C218E81}.Release|x86.Build.0 = Release|Any CPU
		{45BC5B55-2D10-4AB1-8C62-5145C6D06513}.Debug|Any CPU.ActiveCfg = Debug|Any CPU
		{45BC5B55-2D10-4AB1-8C62-5145C6D06513}.Debug|Any CPU.Build.0 = Debug|Any CPU
		{45BC5B55-2D10-4AB1-8C62-5145C6D06513}.Debug|ARM.ActiveCfg = Debug|Any CPU
		{45BC5B55-2D10-4AB1-8C62-5145C6D06513}.Debug|ARM.Build.0 = Debug|Any CPU
		{45BC5B55-2D10-4AB1-8C62-5145C6D06513}.Debug|ARM64.ActiveCfg = Debug|Any CPU
		{45BC5B55-2D10-4AB1-8C62-5145C6D06513}.Debug|ARM64.Build.0 = Debug|Any CPU
		{45BC5B55-2D10-4AB1-8C62-5145C6D06513}.Debug|x64.ActiveCfg = Debug|Any CPU
		{45BC5B55-2D10-4AB1-8C62-5145C6D06513}.Debug|x64.Build.0 = Debug|Any CPU
		{45BC5B55-2D10-4AB1-8C62-5145C6D06513}.Debug|x86.ActiveCfg = Debug|Any CPU
		{45BC5B55-2D10-4AB1-8C62-5145C6D06513}.Debug|x86.Build.0 = Debug|Any CPU
		{45BC5B55-2D10-4AB1-8C62-5145C6D06513}.Release|Any CPU.ActiveCfg = Release|Any CPU
		{45BC5B55-2D10-4AB1-8C62-5145C6D06513}.Release|Any CPU.Build.0 = Release|Any CPU
		{45BC5B55-2D10-4AB1-8C62-5145C6D06513}.Release|ARM.ActiveCfg = Release|Any CPU
		{45BC5B55-2D10-4AB1-8C62-5145C6D06513}.Release|ARM.Build.0 = Release|Any CPU
		{45BC5B55-2D10-4AB1-8C62-5145C6D06513}.Release|ARM64.ActiveCfg = Release|Any CPU
		{45BC5B55-2D10-4AB1-8C62-5145C6D06513}.Release|ARM64.Build.0 = Release|Any CPU
		{45BC5B55-2D10-4AB1-8C62-5145C6D06513}.Release|x64.ActiveCfg = Release|Any CPU
		{45BC5B55-2D10-4AB1-8C62-5145C6D06513}.Release|x64.Build.0 = Release|Any CPU
		{45BC5B55-2D10-4AB1-8C62-5145C6D06513}.Release|x86.ActiveCfg = Release|Any CPU
		{45BC5B55-2D10-4AB1-8C62-5145C6D06513}.Release|x86.Build.0 = Release|Any CPU
		{A08DE4C9-BE36-4006-BB02-A27B421EB16E}.Debug|Any CPU.ActiveCfg = Debug|Any CPU
		{A08DE4C9-BE36-4006-BB02-A27B421EB16E}.Debug|Any CPU.Build.0 = Debug|Any CPU
		{A08DE4C9-BE36-4006-BB02-A27B421EB16E}.Debug|ARM.ActiveCfg = Debug|Any CPU
		{A08DE4C9-BE36-4006-BB02-A27B421EB16E}.Debug|ARM.Build.0 = Debug|Any CPU
		{A08DE4C9-BE36-4006-BB02-A27B421EB16E}.Debug|ARM64.ActiveCfg = Debug|Any CPU
		{A08DE4C9-BE36-4006-BB02-A27B421EB16E}.Debug|ARM64.Build.0 = Debug|Any CPU
		{A08DE4C9-BE36-4006-BB02-A27B421EB16E}.Debug|x64.ActiveCfg = Debug|Any CPU
		{A08DE4C9-BE36-4006-BB02-A27B421EB16E}.Debug|x64.Build.0 = Debug|Any CPU
		{A08DE4C9-BE36-4006-BB02-A27B421EB16E}.Debug|x86.ActiveCfg = Debug|Any CPU
		{A08DE4C9-BE36-4006-BB02-A27B421EB16E}.Debug|x86.Build.0 = Debug|Any CPU
		{A08DE4C9-BE36-4006-BB02-A27B421EB16E}.Release|Any CPU.ActiveCfg = Release|Any CPU
		{A08DE4C9-BE36-4006-BB02-A27B421EB16E}.Release|Any CPU.Build.0 = Release|Any CPU
		{A08DE4C9-BE36-4006-BB02-A27B421EB16E}.Release|ARM.ActiveCfg = Release|Any CPU
		{A08DE4C9-BE36-4006-BB02-A27B421EB16E}.Release|ARM.Build.0 = Release|Any CPU
		{A08DE4C9-BE36-4006-BB02-A27B421EB16E}.Release|ARM64.ActiveCfg = Release|Any CPU
		{A08DE4C9-BE36-4006-BB02-A27B421EB16E}.Release|ARM64.Build.0 = Release|Any CPU
		{A08DE4C9-BE36-4006-BB02-A27B421EB16E}.Release|x64.ActiveCfg = Release|Any CPU
		{A08DE4C9-BE36-4006-BB02-A27B421EB16E}.Release|x64.Build.0 = Release|Any CPU
		{A08DE4C9-BE36-4006-BB02-A27B421EB16E}.Release|x86.ActiveCfg = Release|Any CPU
		{A08DE4C9-BE36-4006-BB02-A27B421EB16E}.Release|x86.Build.0 = Release|Any CPU
		{A51C6B26-16D6-41B8-B909-CD71D27D3ACA}.Debug|Any CPU.ActiveCfg = Debug|Any CPU
		{A51C6B26-16D6-41B8-B909-CD71D27D3ACA}.Debug|Any CPU.Build.0 = Debug|Any CPU
		{A51C6B26-16D6-41B8-B909-CD71D27D3ACA}.Debug|ARM.ActiveCfg = Debug|Any CPU
		{A51C6B26-16D6-41B8-B909-CD71D27D3ACA}.Debug|ARM.Build.0 = Debug|Any CPU
		{A51C6B26-16D6-41B8-B909-CD71D27D3ACA}.Debug|ARM64.ActiveCfg = Debug|Any CPU
		{A51C6B26-16D6-41B8-B909-CD71D27D3ACA}.Debug|ARM64.Build.0 = Debug|Any CPU
		{A51C6B26-16D6-41B8-B909-CD71D27D3ACA}.Debug|x64.ActiveCfg = Debug|Any CPU
		{A51C6B26-16D6-41B8-B909-CD71D27D3ACA}.Debug|x64.Build.0 = Debug|Any CPU
		{A51C6B26-16D6-41B8-B909-CD71D27D3ACA}.Debug|x86.ActiveCfg = Debug|Any CPU
		{A51C6B26-16D6-41B8-B909-CD71D27D3ACA}.Debug|x86.Build.0 = Debug|Any CPU
		{A51C6B26-16D6-41B8-B909-CD71D27D3ACA}.Release|Any CPU.ActiveCfg = Release|Any CPU
		{A51C6B26-16D6-41B8-B909-CD71D27D3ACA}.Release|Any CPU.Build.0 = Release|Any CPU
		{A51C6B26-16D6-41B8-B909-CD71D27D3ACA}.Release|ARM.ActiveCfg = Release|Any CPU
		{A51C6B26-16D6-41B8-B909-CD71D27D3ACA}.Release|ARM.Build.0 = Release|Any CPU
		{A51C6B26-16D6-41B8-B909-CD71D27D3ACA}.Release|ARM64.ActiveCfg = Release|Any CPU
		{A51C6B26-16D6-41B8-B909-CD71D27D3ACA}.Release|ARM64.Build.0 = Release|Any CPU
		{A51C6B26-16D6-41B8-B909-CD71D27D3ACA}.Release|x64.ActiveCfg = Release|Any CPU
		{A51C6B26-16D6-41B8-B909-CD71D27D3ACA}.Release|x64.Build.0 = Release|Any CPU
		{A51C6B26-16D6-41B8-B909-CD71D27D3ACA}.Release|x86.ActiveCfg = Release|Any CPU
		{A51C6B26-16D6-41B8-B909-CD71D27D3ACA}.Release|x86.Build.0 = Release|Any CPU
		{F64F7E52-9450-4F43-8F49-1EF4D6F4F590}.Debug|Any CPU.ActiveCfg = Debug|Any CPU
		{F64F7E52-9450-4F43-8F49-1EF4D6F4F590}.Debug|Any CPU.Build.0 = Debug|Any CPU
		{F64F7E52-9450-4F43-8F49-1EF4D6F4F590}.Debug|ARM.ActiveCfg = Debug|Any CPU
		{F64F7E52-9450-4F43-8F49-1EF4D6F4F590}.Debug|ARM.Build.0 = Debug|Any CPU
		{F64F7E52-9450-4F43-8F49-1EF4D6F4F590}.Debug|ARM64.ActiveCfg = Debug|Any CPU
		{F64F7E52-9450-4F43-8F49-1EF4D6F4F590}.Debug|ARM64.Build.0 = Debug|Any CPU
		{F64F7E52-9450-4F43-8F49-1EF4D6F4F590}.Debug|x64.ActiveCfg = Debug|Any CPU
		{F64F7E52-9450-4F43-8F49-1EF4D6F4F590}.Debug|x64.Build.0 = Debug|Any CPU
		{F64F7E52-9450-4F43-8F49-1EF4D6F4F590}.Debug|x86.ActiveCfg = Debug|Any CPU
		{F64F7E52-9450-4F43-8F49-1EF4D6F4F590}.Debug|x86.Build.0 = Debug|Any CPU
		{F64F7E52-9450-4F43-8F49-1EF4D6F4F590}.Release|Any CPU.ActiveCfg = Release|Any CPU
		{F64F7E52-9450-4F43-8F49-1EF4D6F4F590}.Release|Any CPU.Build.0 = Release|Any CPU
		{F64F7E52-9450-4F43-8F49-1EF4D6F4F590}.Release|ARM.ActiveCfg = Release|Any CPU
		{F64F7E52-9450-4F43-8F49-1EF4D6F4F590}.Release|ARM.Build.0 = Release|Any CPU
		{F64F7E52-9450-4F43-8F49-1EF4D6F4F590}.Release|ARM64.ActiveCfg = Release|Any CPU
		{F64F7E52-9450-4F43-8F49-1EF4D6F4F590}.Release|ARM64.Build.0 = Release|Any CPU
		{F64F7E52-9450-4F43-8F49-1EF4D6F4F590}.Release|x64.ActiveCfg = Release|Any CPU
		{F64F7E52-9450-4F43-8F49-1EF4D6F4F590}.Release|x64.Build.0 = Release|Any CPU
		{F64F7E52-9450-4F43-8F49-1EF4D6F4F590}.Release|x86.ActiveCfg = Release|Any CPU
		{F64F7E52-9450-4F43-8F49-1EF4D6F4F590}.Release|x86.Build.0 = Release|Any CPU
	EndGlobalSection
	GlobalSection(SolutionProperties) = preSolution
		HideSolutionNode = FALSE
	EndGlobalSection
	GlobalSection(ExtensibilityGlobals) = postSolution
		SolutionGuid = {4C2A87A5-C8E1-487E-A86D-45F22570722C}
	EndGlobalSection
EndGlobal
