
Microsoft Visual Studio Solution File, Format Version 12.00
# Visual Studio 15
VisualStudioVersion = 15.0.28307.329
MinimumVisualStudioVersion = 10.0.40219.1
Project("{FAE04EC0-301F-11D3-BF4B-00C04F79EFBC}") = "Practic", "Practic\Practic.csproj", "{88448B1A-3AEE-4292-9160-CF4D55B64FF6}"
EndProject
Global
	GlobalSection(SolutionConfigurationPlatforms) = preSolution
		Debug|Any CPU = Debug|Any CPU
		Release|Any CPU = Release|Any CPU
	EndGlobalSection
	GlobalSection(ProjectConfigurationPlatforms) = postSolution
		{88448B1A-3AEE-4292-9160-CF4D55B64FF6}.Debug|Any CPU.ActiveCfg = Debug|Any CPU
		{88448B1A-3AEE-4292-9160-CF4D55B64FF6}.Debug|Any CPU.Build.0 = Debug|Any CPU
		{88448B1A-3AEE-4292-9160-CF4D55B64FF6}.Release|Any CPU.ActiveCfg = Release|Any CPU
		{88448B1A-3AEE-4292-9160-CF4D55B64FF6}.Release|Any CPU.Build.0 = Release|Any CPU
	EndGlobalSection
	GlobalSection(SolutionProperties) = preSolution
		HideSolutionNode = FALSE
	EndGlobalSection
	GlobalSection(ExtensibilityGlobals) = postSolution
		SolutionGuid = {D7B342B8-0926-4B4C-866D-A2A3DFE4F3BE}
	EndGlobalSection
EndGlobal
