
Microsoft Visual Studio Solution File, Format Version 12.00
# Visual Studio Version 16
VisualStudioVersion = 16.0.30002.166
MinimumVisualStudioVersion = 10.0.40219.1
Project("{FAE04EC0-301F-11D3-BF4B-00C04F79EFBC}") = "UnitTestsPrakt2", "UnitTestsPrakt2\UnitTestsPrakt2.csproj", "{994506E5-C1DB-49F6-ABE7-E338002DBBC0}"
EndProject
Project("{FAE04EC0-301F-11D3-BF4B-00C04F79EFBC}") = "UnitTestsPrakt2.Tests", "UnitTestsPrakt2.Tests\UnitTestsPrakt2.Tests.csproj", "{40E2975C-C00F-4404-B4BE-D2B5D802993E}"
EndProject
Global
	GlobalSection(SolutionConfigurationPlatforms) = preSolution
		Debug|Any CPU = Debug|Any CPU
		Release|Any CPU = Release|Any CPU
	EndGlobalSection
	GlobalSection(ProjectConfigurationPlatforms) = postSolution
		{994506E5-C1DB-49F6-ABE7-E338002DBBC0}.Debug|Any CPU.ActiveCfg = Debug|Any CPU
		{994506E5-C1DB-49F6-ABE7-E338002DBBC0}.Debug|Any CPU.Build.0 = Debug|Any CPU
		{994506E5-C1DB-49F6-ABE7-E338002DBBC0}.Release|Any CPU.ActiveCfg = Release|Any CPU
		{994506E5-C1DB-49F6-ABE7-E338002DBBC0}.Release|Any CPU.Build.0 = Release|Any CPU
		{40E2975C-C00F-4404-B4BE-D2B5D802993E}.Debug|Any CPU.ActiveCfg = Debug|Any CPU
		{40E2975C-C00F-4404-B4BE-D2B5D802993E}.Debug|Any CPU.Build.0 = Debug|Any CPU
		{40E2975C-C00F-4404-B4BE-D2B5D802993E}.Release|Any CPU.ActiveCfg = Release|Any CPU
		{40E2975C-C00F-4404-B4BE-D2B5D802993E}.Release|Any CPU.Build.0 = Release|Any CPU
	EndGlobalSection
	GlobalSection(SolutionProperties) = preSolution
		HideSolutionNode = FALSE
	EndGlobalSection
	GlobalSection(ExtensibilityGlobals) = postSolution
		SolutionGuid = {BC276BD8-4DBD-4E36-8FEA-07921FA4B2A8}
	EndGlobalSection
EndGlobal
